# This file is generated by running "yarn install" inside your project.
# Manual changes might be lost - proceed with caution!

__metadata:
  version: 8
  cacheKey: 10

"@types/backbone@npm:^1.4.22":
  version: 1.4.22
  resolution: "@types/backbone@npm:1.4.22"
  dependencies:
    "@types/jquery": "npm:*"
    "@types/underscore": "npm:*"
  checksum: 10/9fb13d0aa4d318ea4b48233e11c7f038658fe16b552fce88099963834d0e0b447d289018b9daced6113cb815889dac639cc3e1531dd86ebd4f0ec0e1829834f3
  languageName: node
  linkType: hard

"@types/codemirror@npm:^5.60.5":
  version: 5.60.12
  resolution: "@types/codemirror@npm:5.60.12"
  dependencies:
    "@types/tern": "npm:*"
  checksum: 10/362d65585d543cded6e183d25861839df84d9c1ed257fc01efede393cef80a880f2c9443d8472ce82f77423f88418f6e8516a4c2aa410514962d7f1a7570679c
  languageName: node
  linkType: hard

"@types/estree@npm:*":
  version: 1.0.3
  resolution: "@types/estree@npm:1.0.3"
  checksum: 10/c51984ec3003a93b619f25995ceba74428f390747d246833928d0121bb2df3b8bca67deb27fc634da47c5b341837d2ae17d0c5b8d16be5110477a73531ac3528
  languageName: node
  linkType: hard

"@types/jquery@npm:*, @types/jquery@npm:^3.5.5":
  version: 3.5.25
  resolution: "@types/jquery@npm:3.5.25"
  dependencies:
    "@types/sizzle": "npm:*"
  checksum: 10/e8a50a33cf31eb03f0c5cf3c4fb11a0d266821fffd56674dff1cece1eb1a839f2d0580b82a9735f494902567cb21acefd3e81593c9011f20ae212a7296366044
  languageName: node
  linkType: hard

"@types/lipemat__js-boilerplate@workspace:.":
  version: 0.0.0-use.local
  resolution: "@types/lipemat__js-boilerplate@workspace:."
  dependencies:
    "@types/backbone": "npm:^1.4.22"
    "@types/codemirror": "npm:^5.60.5"
    "@types/jquery": "npm:^3.5.5"
    "@types/lodash": "npm:^4.14.202"
    "@types/react": "npm:^16 || ^17 || ^18"
    "@types/react-dom": "npm:^16 || ^17 || ^18"
    "@types/tinymce": "npm:^4.5.23"
    "@types/webpack-env": "npm:^1.18.0"
    typescript: "npm:^5.9.3"
  languageName: unknown
  linkType: soft

"@types/lodash@npm:^4.14.202":
  version: 4.14.202
  resolution: "@types/lodash@npm:4.14.202"
  checksum: 10/1bb9760a5b1dda120132c4b987330d67979c95dbc22612678682cd61b00302e190f4207228f3728580059cdab5582362262e3819aea59960c1017bd2b9fb26f6
  languageName: node
  linkType: hard

"@types/prop-types@npm:*":
  version: 15.7.9
  resolution: "@types/prop-types@npm:15.7.9"
  checksum: 10/c7591d3ff7593e243908a07e1d3e2bb6e8879008af5800d8378115a90d0fdf669a1cae72a6d7f69e59c4fa7bb4c8ed61f6ebc1c520fe110c6f2b03ac02414072
  languageName: node
  linkType: hard

"@types/react-dom@npm:^16 || ^17 || ^18":
  version: 18.2.14
  resolution: "@types/react-dom@npm:18.2.14"
  dependencies:
    "@types/react": "npm:*"
  checksum: 10/c7feb6542dbeb3de18c9c03260229377e0a0d47a3d2c0bb91861996e2353375a45c57de7216edb8b88448584e363677244bd4355ddec45c243e70e777c2a150b
  languageName: node
  linkType: hard

"@types/react@npm:*, @types/react@npm:^16 || ^17 || ^18":
  version: 18.2.31
  resolution: "@types/react@npm:18.2.31"
  dependencies:
    "@types/prop-types": "npm:*"
    "@types/scheduler": "npm:*"
    csstype: "npm:^3.0.2"
  checksum: 10/ac9f42f1cd6ee34329ea7a81894877dc333a2dc86141545e23121b07dcd7cea902bedc6b645ce017c92610bd8cd2c6e25dbba581379889a705314f3c759371bf
  languageName: node
  linkType: hard

"@types/scheduler@npm:*":
  version: 0.16.5
  resolution: "@types/scheduler@npm:0.16.5"
  checksum: 10/5aae67331bb7877edc65f77f205fb03c3808d9e51c186afe26945ce69f4072886629580a751e9ce8573e4a7538d0dfa1e4ce388c7c451fa689a4c592fdf1ea45
  languageName: node
  linkType: hard

"@types/sizzle@npm:*":
  version: 2.3.5
  resolution: "@types/sizzle@npm:2.3.5"
  checksum: 10/1c2609a9bed3a30d8142ac7a2a63aa6dfe7bec28542f5bfe51407a2a3684b103cc3f5ef1eda781037c76e508501734d16fd6a8c1142dda66acb2d5457fb83757
  languageName: node
  linkType: hard

"@types/tern@npm:*":
  version: 0.23.6
  resolution: "@types/tern@npm:0.23.6"
  dependencies:
    "@types/estree": "npm:*"
  checksum: 10/72ce4dc42759588a4fae49b3d3776fd180a8aab6a290a95685262887b0003b53e7969a65a76ac415904c6af727d3c4d9fd70637cd05128c5affddc9402ea2b10
  languageName: node
  linkType: hard

"@types/tinymce@npm:^4.5.23":
  version: 4.6.7
  resolution: "@types/tinymce@npm:4.6.7"
  dependencies:
    "@types/jquery": "npm:*"
  checksum: 10/81e742436ee31e7824030c4e03ca92be126d76b05d895253cd011f5fc8cc0d8f126976f5ba0060b2e463d042140c00b602aadc32c60d712a1e45fed5fe5bdd74
  languageName: node
  linkType: hard

"@types/underscore@npm:*":
  version: 1.13.0
  resolution: "@types/underscore@npm:1.13.0"
  checksum: 10/938a6a0a878ce108046601a7cceeec9870428cc565a0c6d7891b7ad39e7570f1f75a1c02bf81baf23c7c7948ef0693d00ccd1a8e05894a52fed4c584a4b7172e
  languageName: node
  linkType: hard

"@types/webpack-env@npm:^1.18.0":
  version: 1.18.3
  resolution: "@types/webpack-env@npm:1.18.3"
  checksum: 10/3aa810ee8f1fac2efff57eb0d86d64387f82b2da0ce066e119d56296504f1f71fa104e0d111b902d132df137d5402c464cbe319bca27e220da123412042192fe
  languageName: node
  linkType: hard

"csstype@npm:^3.0.2":
  version: 3.1.2
  resolution: "csstype@npm:3.1.2"
  checksum: 10/1f39c541e9acd9562996d88bc9fb62d1cb234786ef11ed275567d4b2bd82e1ceacde25debc8de3d3b4871ae02c2933fa02614004c97190711caebad6347debc2
  languageName: node
  linkType: hard

"typescript@npm:^5.9.3":
  version: 5.9.3
  resolution: "typescript@npm:5.9.3"
  bin:
    tsc: bin/tsc
    tsserver: bin/tsserver
  checksum: 10/c089d9d3da2729fd4ac517f9b0e0485914c4b3c26f80dc0cffcb5de1719a17951e92425d55db59515c1a7ddab65808466debb864d0d56dcf43f27007d0709594
  languageName: node
  linkType: hard

"typescript@patch:typescript@npm%3A^5.9.3#optional!builtin<compat/typescript>":
  version: 5.9.3
  resolution: "typescript@patch:typescript@npm%3A5.9.3#optional!builtin<compat/typescript>::version=5.9.3&hash=5786d5"
  bin:
    tsc: bin/tsc
    tsserver: bin/tsserver
  checksum: 10/696e1b017bc2635f4e0c94eb4435357701008e2f272f553d06e35b494b8ddc60aa221145e286c28ace0c89ee32827a28c2040e3a69bdc108b1a5dc8fb40b72e3
  languageName: node
  linkType: hard
