# This file is generated by running "yarn install" inside your project.
# Manual changes might be lost - proceed with caution!

__metadata:
  version: 6
  cacheKey: 8

"@types/codemirror@npm:^5.60.5":
  version: 5.60.8
  resolution: "@types/codemirror@npm:5.60.8"
  dependencies:
    "@types/tern": "*"
  checksum: bc3a63eab0308b3ef5ed2ca22afb7f1c0b8acde6477e1d569df7e93f3fe4f78754d28a3e081c72931259fe1bf906a319b54bcdeba74600b989e5558d32478496
  languageName: node
  linkType: hard

"@types/estree@npm:*":
  version: 1.0.1
  resolution: "@types/estree@npm:1.0.1"
  checksum: e9aa175eacb797216fafce4d41e8202c7a75555bc55232dee0f9903d7171f8f19f0ae7d5191bb1a88cb90e65468be508c0df850a9fb81b4433b293a5a749899d
  languageName: node
  linkType: hard

"@types/jquery@npm:*, @types/jquery@npm:^3.5.5":
  version: 3.5.16
  resolution: "@types/jquery@npm:3.5.16"
  dependencies:
    "@types/sizzle": "*"
  checksum: 13c995f15d1c2f1d322103dc1cb0a22b95eecc3e7546f00279b8731aea21d7ec04550af40e609ee48e755d4e11bf61c25b4aa9f53df3bcbec4b8fe8e81471732
  languageName: node
  linkType: hard

"@types/lipemat__js-boilerplate@workspace:.":
  version: 0.0.0-use.local
  resolution: "@types/lipemat__js-boilerplate@workspace:."
  dependencies:
    "@types/codemirror": ^5.60.5
    "@types/jquery": ^3.5.5
    "@types/react": ^16 || ^17 || ^18
    "@types/react-dom": ^16 || ^17 || ^18
    "@types/tinymce": ^4.5.23
    "@types/webpack-env": ^1.18.0
  languageName: unknown
  linkType: soft

"@types/prop-types@npm:*":
  version: 15.7.5
  resolution: "@types/prop-types@npm:15.7.5"
  checksum: 5b43b8b15415e1f298243165f1d44390403bb2bd42e662bca3b5b5633fdd39c938e91b7fce3a9483699db0f7a715d08cef220c121f723a634972fdf596aec980
  languageName: node
  linkType: hard

"@types/react-dom@npm:^16 || ^17 || ^18":
  version: 18.2.7
  resolution: "@types/react-dom@npm:18.2.7"
  dependencies:
    "@types/react": "*"
  checksum: e02ea908289a7ad26053308248d2b87f6aeafd73d0e2de2a3d435947bcea0422599016ffd1c3e38ff36c42f5e1c87c7417f05b0a157e48649e4a02f21727d54f
  languageName: node
  linkType: hard

"@types/react@npm:*, @types/react@npm:^16 || ^17 || ^18":
  version: 18.2.19
  resolution: "@types/react@npm:18.2.19"
  dependencies:
    "@types/prop-types": "*"
    "@types/scheduler": "*"
    csstype: ^3.0.2
  checksum: 1ef657b90c7413451bbac2fd2fbce4f8a093941bc5041d344ab9833bc113c8eebf6318dae8aeeb1a0f922f15bc772507e6aaa0c7b51847b5f7302921c8dd6740
  languageName: node
  linkType: hard

"@types/scheduler@npm:*":
  version: 0.16.3
  resolution: "@types/scheduler@npm:0.16.3"
  checksum: 2b0aec39c24268e3ce938c5db2f2e77f5c3dd280e05c262d9c2fe7d890929e4632a6b8e94334017b66b45e4f92a5aa42ba3356640c2a1175fa37bef2f5200767
  languageName: node
  linkType: hard

"@types/sizzle@npm:*":
  version: 2.3.3
  resolution: "@types/sizzle@npm:2.3.3"
  checksum: 586a9fb1f6ff3e325e0f2cc1596a460615f0bc8a28f6e276ac9b509401039dd242fa8b34496d3a30c52f5b495873922d09a9e76c50c2ab2bcc70ba3fb9c4e160
  languageName: node
  linkType: hard

"@types/tern@npm:*":
  version: 0.23.4
  resolution: "@types/tern@npm:0.23.4"
  dependencies:
    "@types/estree": "*"
  checksum: d8fd304f147ed08f1d075f09cb8d440b7f785f69c9ec5c30eadf98132fe3f58f3b1bbbd11283858bb261afac5a2039c1c255f290b0f6e4a47cd6a746f30a6aa8
  languageName: node
  linkType: hard

"@types/tinymce@npm:^4.5.23":
  version: 4.6.5
  resolution: "@types/tinymce@npm:4.6.5"
  dependencies:
    "@types/jquery": "*"
  checksum: 5db7fe352f664d48c7ed83a422bc7f743acea0e6d5756dee7d1a4faeb5dfaaa3114b6e6345699ea25cf49e1f0e7150c527dd31415e16153bc42e61a56f38686a
  languageName: node
  linkType: hard

"@types/webpack-env@npm:^1.18.0":
  version: 1.18.1
  resolution: "@types/webpack-env@npm:1.18.1"
  checksum: 3173c069763e51a96565d602af7e6dac9d772ae4aa6f26cac187cbf599a7f0b88f790b4b050b9dbdb0485daed3061b4a337863f3b8ce66f8a4e51f75ad387c6a
  languageName: node
  linkType: hard

"csstype@npm:^3.0.2":
  version: 3.1.2
  resolution: "csstype@npm:3.1.2"
  checksum: e1a52e6c25c1314d6beef5168da704ab29c5186b877c07d822bd0806717d9a265e8493a2e35ca7e68d0f5d472d43fac1cdce70fd79fd0853dff81f3028d857b5
  languageName: node
  linkType: hard
